{"version":4,"terraform_version":"1.12.1","serial":18,"lineage":"b48b23f6-7e7a-01e2-79fc-448a37b71612","outputs":{"bucket":{"value":"unorouter-pg-backups","type":"string"},"kubeconfig_hint":{"value":"ssh root@46.224.153.131 cat /etc/rancher/k3s/k3s.yaml \u003e ../kubeconfig \u0026\u0026 sed -i 's/127.0.0.1/46.224.153.131/' ../kubeconfig","type":"string"},"node_ipv4":{"value":"46.224.153.131","type":"string"},"s3_endpoint":{"value":"https://fsn1.your-objectstorage.com","type":"string"}},"resources":[{"mode":"managed","type":"aws_s3_bucket_versioning","name":"pg_backups","provider":"provider[\"registry.opentofu.org/hashicorp/aws\"].hetzner_s3","instances":[{"schema_version":0,"attributes":{"bucket":"unorouter-pg-backups","expected_bucket_owner":"","id":"unorouter-pg-backups","mfa":null,"versioning_configuration":[{"mfa_delete":"Disabled","status":"Enabled"}]},"sensitive_attributes":[],"private":"bnVsbA==","dependencies":["aws_s3_bucket.pg_backups"]}]},{"mode":"managed","type":"hcloud_firewall","name":"node","provider":"provider[\"registry.opentofu.org/hetznercloud/hcloud\"]","instances":[{"schema_version":0,"attributes":{"apply_to":[],"id":"11347403","labels":{},"name":"unorouter-node","rule":[{"description":"","destination_ips":[],"direction":"in","port":"","protocol":"icmp","source_ips":["0.0.0.0/0","::/0"]},{"description":"","destination_ips":[],"direction":"in","port":"22","protocol":"tcp","source_ips":["88.130.145.0/24"]},{"description":"","destination_ips":[],"direction":"in","port":"443","protocol":"tcp","source_ips":["0.0.0.0/0","::/0"]},{"description":"","destination_ips":[],"direction":"in","port":"6443","protocol":"tcp","source_ips":["88.130.145.0/24"]},{"description":"","destination_ips":[],"direction":"in","port":"80","protocol":"tcp","source_ips":["0.0.0.0/0","::/0"]}]},"sensitive_attributes":[],"private":"bnVsbA=="}]},{"mode":"managed","type":"hcloud_network","name":"cluster","provider":"provider[\"registry.opentofu.org/hetznercloud/hcloud\"]","instances":[{"schema_version":0,"attributes":{"delete_protection":false,"expose_routes_to_vswitch":false,"id":"12475209","ip_range":"10.100.0.0/16","labels":null,"name":"unorouter-cluster"},"sensitive_attributes":[],"private":"bnVsbA=="}]},{"mode":"managed","type":"hcloud_network_subnet","name":"nodes","provider":"provider[\"registry.opentofu.org/hetznercloud/hcloud\"]","instances":[{"schema_version":0,"attributes":{"gateway":"10.100.0.1","id":"12475209-10.100.1.0/24","ip_range":"10.100.1.0/24","network_id":12475209,"network_zone":"eu-central","type":"cloud","vswitch_id":null},"sensitive_attributes":[],"private":"bnVsbA==","dependencies":["hcloud_network.cluster"]}]},{"mode":"managed","type":"hcloud_server","name":"node1","provider":"provider[\"registry.opentofu.org/hetznercloud/hcloud\"]","instances":[{"schema_version":0,"attributes":{"allow_deprecated_images":null,"backup_window":"","backups":false,"datacenter":null,"delete_protection":false,"firewall_ids":[11347403],"id":"153748800","ignore_remote_firewall_ids":false,"image":"ubuntu-24.04","ipv4_address":"46.224.153.131","ipv6_address":"2a01:4f8:1c19:2efd::1","ipv6_network":"2a01:4f8:1c19:2efd::/64","iso":null,"keep_disk":false,"labels":null,"location":"nbg1","name":"unorouter-node1","network":[{"alias_ips":[],"ip":"10.100.1.1","mac_address":"86:00:00:42:2d:18","network_id":12475209,"subnet_id":""}],"placement_group_id":0,"primary_disk_size":160,"public_net":[],"rebuild_protection":false,"rescue":null,"server_type":"cx43","shutdown_before_deletion":false,"ssh_keys":["115553558"],"status":"running","timeouts":null,"user_data":"mCP2o/cvK1ir9lP03S1i+9Rx2mI="},"sensitive_attributes":[[{"type":"get_attr","value":"user_data"}]],"private":"eyJlMmJmYjczMC1lY2FhLTExZTYtOGY4OC0zNDM2M2JjN2M0YzAiOnsiY3JlYXRlIjo1NDAwMDAwMDAwMDAwfX0=","dependencies":["hcloud_firewall.node","hcloud_network.cluster","hcloud_network_subnet.nodes","hcloud_ssh_key.operator"]}]},{"mode":"managed","type":"hcloud_ssh_key","name":"operator","provider":"provider[\"registry.opentofu.org/hetznercloud/hcloud\"]","instances":[{"schema_version":0,"attributes":{"fingerprint":"b6:3a:4d:9b:99:46:cc:19:d8:42:fe:10:e1:9e:4c:20","id":"115553558","labels":{},"name":"unorouter-operator","public_key":"ssh-ed25519 AAAAC3NzaC1lZDI1NTE5AAAAIHzi9aQJTlRuHDSY+LTQZp8cMd9xJufgWAfxksJFu6/6 unorouter-infra"},"sensitive_attributes":[]}]}],"check_results":null}
